{
  "name": "deploy-extension",
  "version": "1.0.0",
  "lockfileVersion": 3,
  "requires": true,
  "packages": {
    "": {
      "name": "deploy-extension",
      "version": "1.0.0",
      "license": "MIT",
      "dependencies": {
        "vite-projeto": "file:.."
      },
      "devDependencies": {
        "@types/node": "^20.0.0",
        "@types/vscode": "^1.75.0",
        "typescript": "^5.6.0"
      },
      "engines": {
        "vscode": "^1.75.0"
      }
    },
    "..": {
      "name": "vite-projeto",
      "version": "0.0.0",
      "dependencies": {
        "react": "^19.1.1",
        "react-dom": "^19.1.1"
      },
      "devDependencies": {
        "@eslint/js": "^9.35.0",
        "@types/react": "^19.1.13",
        "@types/react-dom": "^19.1.9",
        "@vitejs/plugin-react": "^5.0.2",
        "eslint": "^9.35.0",
        "eslint-plugin-react-hooks": "^5.2.0",
        "eslint-plugin-react-refresh": "^0.4.20",
        "globals": "^16.4.0",
        "vite": "^7.1.6"
      }
    },
    "node_modules/@types/node": {
      "version": "20.19.21",
      "resolved": "https://registry.npmjs.org/@types/node/-/node-20.19.21.tgz",
      "integrity": "sha512-CsGG2P3I5y48RPMfprQGfy4JPRZ6csfC3ltBZSRItG3ngggmNY/qs2uZKp4p9VbrpqNNSMzUZNFZKzgOGnd/VA==",
      "dev": true,
      "license": "MIT",
      "dependencies": {
        "undici-types": "~6.21.0"
      }
    },
    "node_modules/@types/vscode": {
      "version": "1.105.0",
      "resolved": "https://registry.npmjs.org/@types/vscode/-/vscode-1.105.0.tgz",
      "integrity": "sha512-Lotk3CTFlGZN8ray4VxJE7axIyLZZETQJVWi/lYoUVQuqfRxlQhVOfoejsD2V3dVXPSbS15ov5ZyowMAzgUqcw==",
      "dev": true,
      "license": "MIT"
    },
    "node_modules/typescript": {
      "version": "5.9.3",
      "resolved": "https://registry.npmjs.org/typescript/-/typescript-5.9.3.tgz",
      "integrity": "sha512-jl1vZzPDinLr9eUt3J/t7V6FgNEw9QjvBPdysz9KfQDD41fQrC2Y4vKQdiaUpFT4bXlb1RHhLpp8wtm6M5TgSw==",
      "dev": true,
      "license": "Apache-2.0",
      "bin": {
        "tsc": "bin/tsc",
        "tsserver": "bin/tsserver"
      },
      "engines": {
        "node": ">=14.17"
      }
    },
    "node_modules/undici-types": {
      "version": "6.21.0",
      "resolved": "https://registry.npmjs.org/undici-types/-/undici-types-6.21.0.tgz",
      "integrity": "sha512-iwDZqg0QAGrg9Rav5H4n0M64c3mkR59cJ6wQp+7C4nI0gsmExaedaYLNO44eT4AtBBwjbTiGPMlt2Md0T9H9JQ==",
      "dev": true,
      "license": "MIT"
    },
    "node_modules/vite-projeto": {
      "resolved": "..",
      "link": true
    }
  }
}
